// !$*UTF8*$!
{
	archiveVersion = 1;
	classes = {
	};
	objectVersion = 55;
	objects = {

/* Begin PBXBuildFile section */
		3A76D94A2726FBF9000D0472 /* AppDelegate.swift in Sources */ = {isa = PBXBuildFile; fileRef = 3A76D9492726FBF9000D0472 /* AppDelegate.swift */; };
		3A76D94C2726FBF9000D0472 /* SceneDelegate.swift in Sources */ = {isa = PBXBuildFile; fileRef = 3A76D94B2726FBF9000D0472 /* SceneDelegate.swift */; };
		3A76D94E2726FBF9000D0472 /* ShowUserData.swift in Sources */ = {isa = PBXBuildFile; fileRef = 3A76D94D2726FBF9000D0472 /* ShowUserData.swift */; };
		3A76D9512726FBF9000D0472 /* Main.storyboard in Resources */ = {isa = PBXBuildFile; fileRef = 3A76D94F2726FBF9000D0472 /* Main.storyboard */; };
		3A76D9532726FBFD000D0472 /* Assets.xcassets in Resources */ = {isa = PBXBuildFile; fileRef = 3A76D9522726FBFD000D0472 /* Assets.xcassets */; };
		3A76D9562726FBFD000D0472 /* LaunchScreen.storyboard in Resources */ = {isa = PBXBuildFile; fileRef = 3A76D9542726FBFD000D0472 /* LaunchScreen.storyboard */; };
		3AEDDC6A2727334F00E245B3 /* DBHelper.swift in Sources */ = {isa = PBXBuildFile; fileRef = 3AEDDC692727334F00E245B3 /* DBHelper.swift */; };
		3AEDDC6C272733A400E245B3 /* Person.swift in Sources */ = {isa = PBXBuildFile; fileRef = 3AEDDC6B272733A400E245B3 /* Person.swift */; };
		3AEDDC6E2727345B00E245B3 /* AddUserData.swift in Sources */ = {isa = PBXBuildFile; fileRef = 3AEDDC6D2727345B00E245B3 /* AddUserData.swift */; };
/* End PBXBuildFile section */

/* Begin PBXFileReference section */
		3A76D9462726FBF9000D0472 /* SqLiteLearning.app */ = {isa = PBXFileReference; explicitFileType = wrapper.application; includeInIndex = 0; path = SqLiteLearning.app; sourceTree = BUILT_PRODUCTS_DIR; };
		3A76D9492726FBF9000D0472 /* AppDelegate.swift */ = {isa = PBXFileReference; lastKnownFileType = sourcecode.swift; path = AppDelegate.swift; sourceTree = "<group>"; };
		3A76D94B2726FBF9000D0472 /* SceneDelegate.swift */ = {isa = PBXFileReference; lastKnownFileType = sourcecode.swift; path = SceneDelegate.swift; sourceTree = "<group>"; };
		3A76D94D2726FBF9000D0472 /* ShowUserData.swift */ = {isa = PBXFileReference; lastKnownFileType = sourcecode.swift; path = ShowUserData.swift; sourceTree = "<group>"; };
		3A76D9502726FBF9000D0472 /* Base */ = {isa = PBXFileReference; lastKnownFileType = file.storyboard; name = Base; path = Base.lproj/Main.storyboard; sourceTree = "<group>"; };
		3A76D9522726FBFD000D0472 /* Assets.xcassets */ = {isa = PBXFileReference; lastKnownFileType = folder.assetcatalog; path = Assets.xcassets; sourceTree = "<group>"; };
		3A76D9552726FBFD000D0472 /* Base */ = {isa = PBXFileReference; lastKnownFileType = file.storyboard; name = Base; path = Base.lproj/LaunchScreen.storyboard; sourceTree = "<group>"; };
		3A76D9572726FBFD000D0472 /* Info.plist */ = {isa = PBXFileReference; lastKnownFileType = text.plist.xml; path = Info.plist; sourceTree = "<group>"; };
		3AEDDC692727334F00E245B3 /* DBHelper.swift */ = {isa = PBXFileReference; lastKnownFileType = sourcecode.swift; path = DBHelper.swift; sourceTree = "<group>"; };
		3AEDDC6B272733A400E245B3 /* Person.swift */ = {isa = PBXFileReference; lastKnownFileType = sourcecode.swift; path = Person.swift; sourceTree = "<group>"; };
		3AEDDC6D2727345B00E245B3 /* AddUserData.swift */ = {isa = PBXFileReference; lastKnownFileType = sourcecode.swift; path = AddUserData.swift; sourceTree = "<group>"; };
/* End PBXFileReference section */

/* Begin PBXFrameworksBuildPhase section */
		3A76D9432726FBF9000D0472 /* Frameworks */ = {
			isa = PBXFrameworksBuildPhase;
			buildActionMask = 2147483647;
			files = (
			);
			runOnlyForDeploymentPostprocessing = 0;
		};
/* End PBXFrameworksBuildPhase section */

/* Begin PBXGroup section */
		3A76D93D2726FBF9000D0472 = {
			isa = PBXGroup;
			children = (
				3A76D9482726FBF9000D0472 /* SqLiteLearning */,
				3A76D9472726FBF9000D0472 /* Products */,
			);
			sourceTree = "<group>";
		};
		3A76D9472726FBF9000D0472 /* Products */ = {
			isa = PBXGroup;
			children = (
				3A76D9462726FBF9000D0472 /* SqLiteLearning.app */,
			);
			name = Products;
			sourceTree = "<group>";
		};
		3A76D9482726FBF9000D0472 /* SqLiteLearning */ = {
			isa = PBXGroup;
			children = (
				3AEDDC6D2727345B00E245B3 /* AddUserData.swift */,
				3A76D94D2726FBF9000D0472 /* ShowUserData.swift */,
				3A76D9492726FBF9000D0472 /* AppDelegate.swift */,
				3A76D94B2726FBF9000D0472 /* SceneDelegate.swift */,
				3AEDDC6B272733A400E245B3 /* Person.swift */,
				3AEDDC692727334F00E245B3 /* DBHelper.swift */,
				3A76D94F2726FBF9000D0472 /* Main.storyboard */,
				3A76D9522726FBFD000D0472 /* Assets.xcassets */,
				3A76D9542726FBFD000D0472 /* LaunchScreen.storyboard */,
				3A76D9572726FBFD000D0472 /* Info.plist */,
			);
			path = SqLiteLearning;
			sourceTree = "<group>";
		};
/* End PBXGroup section */

/* Begin PBXNativeTarget section */
		3A76D9452726FBF9000D0472 /* SqLiteLearning */ = {
			isa = PBXNativeTarget;
			buildConfigurationList = 3A76D95A2726FBFD000D0472 /* Build configuration list for PBXNativeTarget "SqLiteLearning" */;
			buildPhases = (
				3A76D9422726FBF9000D0472 /* Sources */,
				3A76D9432726FBF9000D0472 /* Frameworks */,
				3A76D9442726FBF9000D0472 /* Resources */,
			);
			buildRules = (
			);
			dependencies = (
			);
			name = SqLiteLearning;
			productName = SqLiteLearning;
			productReference = 3A76D9462726FBF9000D0472 /* SqLiteLearning.app */;
			productType = "com.apple.product-type.application";
		};
/* End PBXNativeTarget section */

/* Begin PBXProject section */
		3A76D93E2726FBF9000D0472 /* Project object */ = {
			isa = PBXProject;
			attributes = {
				BuildIndependentTargetsInParallel = 1;
				LastSwiftUpdateCheck = 1300;
				LastUpgradeCheck = 1300;
				TargetAttributes = {
					3A76D9452726FBF9000D0472 = {
						CreatedOnToolsVersion = 13.0;
					};
				};
			};
			buildConfigurationList = 3A76D9412726FBF9000D0472 /* Build configuration list for PBXProject "SqLiteLearning" */;
			compatibilityVersion = "Xcode 13.0";
			developmentRegion = en;
			hasScannedForEncodings = 0;
			knownRegions = (
				en,
				Base,
			);
			mainGroup = 3A76D93D2726FBF9000D0472;
			productRefGroup = 3A76D9472726FBF9000D0472 /* Products */;
			projectDirPath = "";
			projectRoot = "";
			targets = (
				3A76D9452726FBF9000D0472 /* SqLiteLearning */,
			);
		};
/* End PBXProject section */

/* Begin PBXResourcesBuildPhase section */
		3A76D9442726FBF9000D0472 /* Resources */ = {
			isa = PBXResourcesBuildPhase;
			buildActionMask = 2147483647;
			files = (
				3A76D9562726FBFD000D0472 /* LaunchScreen.storyboard in Resources */,
				3A76D9532726FBFD000D0472 /* Assets.xcassets in Resources */,
				3A76D9512726FBF9000D0472 /* Main.storyboard in Resources */,
			);
			runOnlyForDeploymentPostprocessing = 0;
		};
/* End PBXResourcesBuildPhase section */

/* Begin PBXSourcesBuildPhase section */
		3A76D9422726FBF9000D0472 /* Sources */ = {
			isa = PBXSourcesBuildPhase;
			buildActionMask = 2147483647;
			files = (
				3AEDDC6C272733A400E245B3 /* Person.swift in Sources */,
				3A76D94E2726FBF9000D0472 /* ShowUserData.swift in Sources */,
				3AEDDC6E2727345B00E245B3 /* AddUserData.swift in Sources */,
				3A76D94A2726FBF9000D0472 /* AppDelegate.swift in Sources */,
				3A76D94C2726FBF9000D0472 /* SceneDelegate.swift in Sources */,
				3AEDDC6A2727334F00E245B3 /* DBHelper.swift in Sources */,
			);
			runOnlyForDeploymentPostprocessing = 0;
		};
/* End PBXSourcesBuildPhase section */

/* Begin PBXVariantGroup section */
		3A76D94F2726FBF9000D0472 /* Main.storyboard */ = {
			isa = PBXVariantGroup;
			children = (
				3A76D9502726FBF9000D0472 /* Base */,
			);
			name = Main.storyboard;
			sourceTree = "<group>";
		};
		3A76D9542726FBFD000D0472 /* LaunchScreen.storyboard */ = {
			isa = PBXVariantGroup;
			children = (
				3A76D9552726FBFD000D0472 /* Base */,
			);
			name = LaunchScreen.storyboard;
			sourceTree = "<group>";
		};
/* End PBXVariantGroup section */

/* Begin XCBuildConfiguration section */
		3A76D9582726FBFD000D0472 /* Debug */ = {
			isa = XCBuildConfiguration;
			buildSettings = {
				ALWAYS_SEARCH_USER_PATHS = NO;
				CLANG_ANALYZER_NONNULL = YES;
				CLANG_ANALYZER_NUMBER_OBJECT_CONVERSION = YES_AGGRESSIVE;
				CLANG_CXX_LANGUAGE_STANDARD = "gnu++17";
				CLANG_CXX_LIBRARY = "libc++";
				CLANG_ENABLE_MODULES = YES;
				CLANG_ENABLE_OBJC_ARC = YES;
				CLANG_ENABLE_OBJC_WEAK = YES;
				CLANG_WARN_BLOCK_CAPTURE_AUTORELEASING = YES;
				CLANG_WARN_BOOL_CONVERSION = YES;
				CLANG_WARN_COMMA = YES;
				CLANG_WARN_CONSTANT_CONVERSION = YES;
				CLANG_WARN_DEPRECATED_OBJC_IMPLEMENTATIONS = YES;
				CLANG_WARN_DIRECT_OBJC_ISA_USAGE = YES_ERROR;
				CLANG_WARN_DOCUMENTATION_COMMENTS = YES;
				CLANG_WARN_EMPTY_BODY = YES;
				CLANG_WARN_ENUM_CONVERSION = YES;
				CLANG_WARN_INFINITE_RECURSION = YES;
				CLANG_WARN_INT_CONVERSION = YES;
				CLANG_WARN_NON_LITERAL_NULL_CONVERSION = YES;
				CLANG_WARN_OBJC_IMPLICIT_RETAIN_SELF = YES;
				CLANG_WARN_OBJC_LITERAL_CONVERSION = YES;
				CLANG_WARN_OBJC_ROOT_CLASS = YES_ERROR;
				CLANG_WARN_QUOTED_INCLUDE_IN_FRAMEWORK_HEADER = YES;
				CLANG_WARN_RANGE_LOOP_ANALYSIS = YES;
				CLANG_WARN_STRICT_PROTOTYPES = YES;
				CLANG_WARN_SUSPICIOUS_MOVE = YES;
				CLANG_WARN_UNGUARDED_AVAILABILITY = YES_AGGRESSIVE;
				CLANG_WARN_UNREACHABLE_CODE = YES;
				CLANG_WARN__DUPLICATE_METHOD_MATCH = YES;
				COPY_PHASE_STRIP = NO;
				DEBUG_INFORMATION_FORMAT = dwarf;
				ENABLE_STRICT_OBJC_MSGSEND = YES;
				ENABLE_TESTABILITY = YES;
				GCC_C_LANGUAGE_STANDARD = gnu11;
				GCC_DYNAMIC_NO_PIC = NO;
				GCC_NO_COMMON_BLOCKS = YES;
				GCC_OPTIMIZATION_LEVEL = 0;
				GCC_PREPROCESSOR_DEFINITIONS = (
					"DEBUG=1",
					"$(inherited)",
				);
				GCC_WARN_64_TO_32_BIT_CONVERSION = YES;
				GCC_WARN_ABOUT_RETURN_TYPE = YES_ERROR;
				GCC_WARN_UNDECLARED_SELECTOR = YES;
				GCC_WARN_UNINITIALIZED_AUTOS = YES_AGGRESSIVE;
				GCC_WARN_UNUSED_FUNCTION = YES;
				GCC_WARN_UNUSED_VARIABLE = YES;
				IPHONEOS_DEPLOYMENT_TARGET = 15.0;
				MTL_ENABLE_DEBUG_INFO = INCLUDE_SOURCE;
				MTL_FAST_MATH = YES;
				ONLY_ACTIVE_ARCH = YES;
				SDKROOT = iphoneos;
				SWIFT_ACTIVE_COMPILATION_CONDITIONS = DEBUG;
				SWIFT_OPTIMIZATION_LEVEL = "-Onone";
			};
			name = Debug;
		};
		3A76D9592726FBFD000D0472 /* Release */ = {
			isa = XCBuildConfiguration;
			buildSettings = {
				ALWAYS_SEARCH_USER_PATHS = NO;
				CLANG_ANALYZER_NONNULL = YES;
				CLANG_ANALYZER_NUMBER_OBJECT_CONVERSION = YES_AGGRESSIVE;
				CLANG_CXX_LANGUAGE_STANDARD = "gnu++17";
				CLANG_CXX_LIBRARY = "libc++";
				CLANG_ENABLE_MODULES = YES;
				CLANG_ENABLE_OBJC_ARC = YES;
				CLANG_ENABLE_OBJC_WEAK = YES;
				CLANG_WARN_BLOCK_CAPTURE_AUTORELEASING = YES;
				CLANG_WARN_BOOL_CONVERSION = YES;
				CLANG_WARN_COMMA = YES;
				CLANG_WARN_CONSTANT_CONVERSION = YES;
				CLANG_WARN_DEPRECATED_OBJC_IMPLEMENTATIONS = YES;
				CLANG_WARN_DIRECT_OBJC_ISA_USAGE = YES_ERROR;
				CLANG_WARN_DOCUMENTATION_COMMENTS = YES;
				CLANG_WARN_EMPTY_BODY = YES;
				CLANG_WARN_ENUM_CONVERSION = YES;
				CLANG_WARN_INFINITE_RECURSION = YES;
				CLANG_WARN_INT_CONVERSION = YES;
				CLANG_WARN_NON_LITERAL_NULL_CONVERSION = YES;
				CLANG_WARN_OBJC_IMPLICIT_RETAIN_SELF = YES;
				CLANG_WARN_OBJC_LITERAL_CONVERSION = YES;
				CLANG_WARN_OBJC_ROOT_CLASS = YES_ERROR;
				CLANG_WARN_QUOTED_INCLUDE_IN_FRAMEWORK_HEADER = YES;
				CLANG_WARN_RANGE_LOOP_ANALYSIS = YES;
				CLANG_WARN_STRICT_PROTOTYPES = YES;
				CLANG_WARN_SUSPICIOUS_MOVE = YES;
				CLANG_WARN_UNGUARDED_AVAILABILITY = YES_AGGRESSIVE;
				CLANG_WARN_UNREACHABLE_CODE = YES;
				CLANG_WARN__DUPLICATE_METHOD_MATCH = YES;
				COPY_PHASE_STRIP = NO;
				DEBUG_INFORMATION_FORMAT = "dwarf-with-dsym";
				ENABLE_NS_ASSERTIONS = NO;
				ENABLE_STRICT_OBJC_MSGSEND = YES;
				GCC_C_LANGUAGE_STANDARD = gnu11;
				GCC_NO_COMMON_BLOCKS = YES;
				GCC_WARN_64_TO_32_BIT_CONVERSION = YES;
				GCC_WARN_ABOUT_RETURN_TYPE = YES_ERROR;
				GCC_WARN_UNDECLARED_SELECTOR = YES;
				GCC_WARN_UNINITIALIZED_AUTOS = YES_AGGRESSIVE;
				GCC_WARN_UNUSED_FUNCTION = YES;
				GCC_WARN_UNUSED_VARIABLE = YES;
				IPHONEOS_DEPLOYMENT_TARGET = 15.0;
				MTL_ENABLE_DEBUG_INFO = NO;
				MTL_FAST_MATH = YES;
				SDKROOT = iphoneos;
				SWIFT_COMPILATION_MODE = wholemodule;
				SWIFT_OPTIMIZATION_LEVEL = "-O";
				VALIDATE_PRODUCT = YES;
			};
			name = Release;
		};
		3A76D95B2726FBFD000D0472 /* Debug */ = {
			isa = XCBuildConfiguration;
			buildSettings = {
				ASSETCATALOG_COMPILER_APPICON_NAME = AppIcon;
				ASSETCATALOG_COMPILER_GLOBAL_ACCENT_COLOR_NAME = AccentColor;
				CODE_SIGN_STYLE = Automatic;
				CURRENT_PROJECT_VERSION = 1;
				DEVELOPMENT_TEAM = D568Z8S8MN;
				GENERATE_INFOPLIST_FILE = YES;
				INFOPLIST_FILE = SqLiteLearning/Info.plist;
				INFOPLIST_KEY_UIApplicationSupportsIndirectInputEvents = YES;
				INFOPLIST_KEY_UILaunchStoryboardName = LaunchScreen;
				INFOPLIST_KEY_UIMainStoryboardFile = Main;
				INFOPLIST_KEY_UISupportedInterfaceOrientations_iPad = "UIInterfaceOrientationPortrait UIInterfaceOrientationPortraitUpsideDown UIInterfaceOrientationLandscapeLeft UIInterfaceOrientationLandscapeRight";
				INFOPLIST_KEY_UISupportedInterfaceOrientations_iPhone = "UIInterfaceOrientationPortrait UIInterfaceOrientationLandscapeLeft UIInterfaceOrientationLandscapeRight";
				LD_RUNPATH_SEARCH_PATHS = (
					"$(inherited)",
					"@executable_path/Frameworks",
				);
				MARKETING_VERSION = 1.0;
				PRODUCT_BUNDLE_IDENTIFIER = com.onechop.SqLiteLearning;
				PRODUCT_NAME = "$(TARGET_NAME)";
				SWIFT_EMIT_LOC_STRINGS = YES;
				SWIFT_VERSION = 5.0;
				TARGETED_DEVICE_FAMILY = "1,2";
			};
			name = Debug;
		};
		3A76D95C2726FBFD000D0472 /* Release */ = {
			isa = XCBuildConfiguration;
			buildSettings = {
				ASSETCATALOG_COMPILER_APPICON_NAME = AppIcon;
				ASSETCATALOG_COMPILER_GLOBAL_ACCENT_COLOR_NAME = AccentColor;
				CODE_SIGN_STYLE = Automatic;
				CURRENT_PROJECT_VERSION = 1;
				DEVELOPMENT_TEAM = D568Z8S8MN;
				GENERATE_INFOPLIST_FILE = YES;
				INFOPLIST_FILE = SqLiteLearning/Info.plist;
				INFOPLIST_KEY_UIApplicationSupportsIndirectInputEvents = YES;
				INFOPLIST_KEY_UILaunchStoryboardName = LaunchScreen;
				INFOPLIST_KEY_UIMainStoryboardFile = Main;
				INFOPLIST_KEY_UISupportedInterfaceOrientations_iPad = "UIInterfaceOrientationPortrait UIInterfaceOrientationPortraitUpsideDown UIInterfaceOrientationLandscapeLeft UIInterfaceOrientationLandscapeRight";
				INFOPLIST_KEY_UISupportedInterfaceOrientations_iPhone = "UIInterfaceOrientationPortrait UIInterfaceOrientationLandscapeLeft UIInterfaceOrientationLandscapeRight";
				LD_RUNPATH_SEARCH_PATHS = (
					"$(inherited)",
					"@executable_path/Frameworks",
				);
				MARKETING_VERSION = 1.0;
				PRODUCT_BUNDLE_IDENTIFIER = com.onechop.SqLiteLearning;
				PRODUCT_NAME = "$(TARGET_NAME)";
				SWIFT_EMIT_LOC_STRINGS = YES;
				SWIFT_VERSION = 5.0;
				TARGETED_DEVICE_FAMILY = "1,2";
			};
			name = Release;
		};
/* End XCBuildConfiguration section */

/* Begin XCConfigurationList section */
		3A76D9412726FBF9000D0472 /* Build configuration list for PBXProject "SqLiteLearning" */ = {
			isa = XCConfigurationList;
			buildConfigurations = (
				3A76D9582726FBFD000D0472 /* Debug */,
				3A76D9592726FBFD000D0472 /* Release */,
			);
			defaultConfigurationIsVisible = 0;
			defaultConfigurationName = Release;
		};
		3A76D95A2726FBFD000D0472 /* Build configuration list for PBXNativeTarget "SqLiteLearning" */ = {
			isa = XCConfigurationList;
			buildConfigurations = (
				3A76D95B2726FBFD000D0472 /* Debug */,
				3A76D95C2726FBFD000D0472 /* Release */,
			);
			defaultConfigurationIsVisible = 0;
			defaultConfigurationName = Release;
		};
/* End XCConfigurationList section */
	};
	rootObject = 3A76D93E2726FBF9000D0472 /* Project object */;
}
